
Microsoft Visual Studio Solution File, Format Version 12.00
Project("{FAE04EC0-301F-11D3-BF4B-00C04F79EFBC}") = "HW1", "HW1\HW1\HW1.csproj", "{B969ABDE-2A83-4EAC-82AC-914CD3ADFB3C}"
EndProject
Project("{FAE04EC0-301F-11D3-BF4B-00C04F79EFBC}") = "HW1Tests", "HW1\HW1Tests\HW1Tests.csproj", "{30101868-80BC-4B05-BF88-19C744DF6186}"
EndProject
Project("{FAE04EC0-301F-11D3-BF4B-00C04F79EFBC}") = "HW2", "HW2\HW2\HW2.csproj", "{0DC30F40-B127-44CF-A240-57D1312DE070}"
EndProject
Project("{FAE04EC0-301F-11D3-BF4B-00C04F79EFBC}") = "HW2Classes", "HW2\HW2Classes\HW2Classes.ilproj", "{CF17EAD5-C678-440C-9C14-83D9F1D54B43}"
EndProject
Project("{FAE04EC0-301F-11D3-BF4B-00C04F79EFBC}") = "HW2Tests", "HW2\HW2Tests\HW2Tests.csproj", "{12C6E6C3-2559-4ABD-A6EB-3D7942619151}"
EndProject
Project("{F2A71F9B-5D33-465A-A702-920D77279786}") = "HW4", "HW4\HW4\HW4.fsproj", "{8E2CD46C-F8B2-45E5-BEFD-591A98A1BEE1}"
EndProject
Project("{F2A71F9B-5D33-465A-A702-920D77279786}") = "HW4Test", "HW4\HW4Test\HW4Test.fsproj", "{22CBC365-73E0-4031-A91C-48E3D3BE1A59}"
EndProject
Project("{F2A71F9B-5D33-465A-A702-920D77279786}") = "HW5", "HW5\HW5\HW5.fsproj", "{8E2CD46C-F8B2-45E5-BEFD-591A98A1BEE1}"
EndProject
Project("{F2A71F9B-5D33-465A-A702-920D77279786}") = "HW5Test", "HW5\HW5Test\HW5Test.fsproj", "{22CBC365-73E0-4031-A91C-48E3D3BE1A59}"
EndProject
Project("{F2A71F9B-5D33-465A-A702-920D77279786}") = "HW6Main", "HW6\HW6Main\HW6Main.fsproj", "{D4BEFA06-EF95-46C8-BDFF-BFA8ADA764AF}"
EndProject
Project("{F2A71F9B-5D33-465A-A702-920D77279786}") = "HW6Calculator", "HW6\HW6Calculator\HW6Calculator.fsproj", "{F429CD07-7802-40BF-84CC-09B24B8DDC8E}"
EndProject
Project("{FAE04EC0-301F-11D3-BF4B-00C04F79EFBC}") = "HW6TestCS", "HW6\HW6TestCS\HW6TestCS.csproj", "{B67CEA72-E958-46F4-9B12-2EFF8B19911C}"
EndProject
Project("{FAE04EC0-301F-11D3-BF4B-00C04F79EFBC}") = "HW7", "HW7\HW7\HW7.csproj", "{839588EC-9F86-4DEA-8071-4ADAE45AC2C7}"
EndProject
Project("{FAE04EC0-301F-11D3-BF4B-00C04F79EFBC}") = "HW8", "HW8\HW8\HW8.csproj", "{89A8E0F3-4259-42CC-AC8A-5194C017A841}"
EndProject
Project("{FAE04EC0-301F-11D3-BF4B-00C04F79EFBC}") = "HW8Tests", "HW8\HW8Tests\HW8Tests.csproj", "{7040ED88-300D-458D-8111-D49C9763E4B9}"
EndProject
Project("{FAE04EC0-301F-11D3-BF4B-00C04F79EFBC}") = "HW8IntegrationTests", "HW8\HW8IntegrationTests\HW8IntegrationTests.csproj", "{C7FCCFB3-9D39-4A81-B030-FD2F2E67296C}"
EndProject
Project("{FAE04EC0-301F-11D3-BF4B-00C04F79EFBC}") = "HW9", "HW9\HW9\HW9.csproj", "{3DBE08F2-868A-4AC3-975D-129304303F6B}"
EndProject
Project("{FAE04EC0-301F-11D3-BF4B-00C04F79EFBC}") = "HW9IntegrationTests", "HW9\HW9IntegrationTests\HW9IntegrationTests.csproj", "{0CCCBDC5-7F52-4C7D-963F-55588189DCFE}"
EndProject
Global
	GlobalSection(SolutionConfigurationPlatforms) = preSolution
		Debug|Any CPU = Debug|Any CPU
		Release|Any CPU = Release|Any CPU
	EndGlobalSection
	GlobalSection(ProjectConfigurationPlatforms) = postSolution
		{3DBE08F2-868A-4AC3-975D-129304303F6B}.Debug|Any CPU.ActiveCfg = Debug|Any CPU
		{3DBE08F2-868A-4AC3-975D-129304303F6B}.Debug|Any CPU.Build.0 = Debug|Any CPU
		{3DBE08F2-868A-4AC3-975D-129304303F6B}.Release|Any CPU.ActiveCfg = Release|Any CPU
		{3DBE08F2-868A-4AC3-975D-129304303F6B}.Release|Any CPU.Build.0 = Release|Any CPU
		{0CCCBDC5-7F52-4C7D-963F-55588189DCFE}.Debug|Any CPU.ActiveCfg = Debug|Any CPU
		{0CCCBDC5-7F52-4C7D-963F-55588189DCFE}.Debug|Any CPU.Build.0 = Debug|Any CPU
		{0CCCBDC5-7F52-4C7D-963F-55588189DCFE}.Release|Any CPU.ActiveCfg = Release|Any CPU
		{0CCCBDC5-7F52-4C7D-963F-55588189DCFE}.Release|Any CPU.Build.0 = Release|Any CPU
		{B969ABDE-2A83-4EAC-82AC-914CD3ADFB3C}.Debug|Any CPU.ActiveCfg = Debug|Any CPU
		{B969ABDE-2A83-4EAC-82AC-914CD3ADFB3C}.Debug|Any CPU.Build.0 = Debug|Any CPU
		{30101868-80BC-4B05-BF88-19C744DF6186}.Debug|Any CPU.ActiveCfg = Debug|Any CPU
		{30101868-80BC-4B05-BF88-19C744DF6186}.Debug|Any CPU.Build.0 = Debug|Any CPU
		{0DC30F40-B127-44CF-A240-57D1312DE070}.Debug|Any CPU.ActiveCfg = Debug|Any CPU
		{0DC30F40-B127-44CF-A240-57D1312DE070}.Debug|Any CPU.Build.0 = Debug|Any CPU
		{CF17EAD5-C678-440C-9C14-83D9F1D54B43}.Debug|Any CPU.ActiveCfg = Debug|Any CPU
		{CF17EAD5-C678-440C-9C14-83D9F1D54B43}.Debug|Any CPU.Build.0 = Debug|Any CPU
		{12C6E6C3-2559-4ABD-A6EB-3D7942619151}.Debug|Any CPU.ActiveCfg = Debug|Any CPU
		{12C6E6C3-2559-4ABD-A6EB-3D7942619151}.Debug|Any CPU.Build.0 = Debug|Any CPU
		{8E2CD46C-F8B2-45E5-BEFD-591A98A1BEE1}.Debug|Any CPU.ActiveCfg = Debug|Any CPU
		{8E2CD46C-F8B2-45E5-BEFD-591A98A1BEE1}.Debug|Any CPU.Build.0 = Debug|Any CPU
		{22CBC365-73E0-4031-A91C-48E3D3BE1A59}.Debug|Any CPU.ActiveCfg = Debug|Any CPU
		{22CBC365-73E0-4031-A91C-48E3D3BE1A59}.Debug|Any CPU.Build.0 = Debug|Any CPU
		{F429CD07-7802-40BF-84CC-09B24B8DDC8E}.Debug|Any CPU.ActiveCfg = Debug|Any CPU
		{F429CD07-7802-40BF-84CC-09B24B8DDC8E}.Debug|Any CPU.Build.0 = Debug|Any CPU
		{D4BEFA06-EF95-46C8-BDFF-BFA8ADA764AF}.Debug|Any CPU.ActiveCfg = Debug|Any CPU
		{D4BEFA06-EF95-46C8-BDFF-BFA8ADA764AF}.Debug|Any CPU.Build.0 = Debug|Any CPU
		{B67CEA72-E958-46F4-9B12-2EFF8B19911C}.Debug|Any CPU.ActiveCfg = Debug|Any CPU
		{B67CEA72-E958-46F4-9B12-2EFF8B19911C}.Debug|Any CPU.Build.0 = Debug|Any CPU
		{839588EC-9F86-4DEA-8071-4ADAE45AC2C7}.Debug|Any CPU.ActiveCfg = Debug|Any CPU
		{839588EC-9F86-4DEA-8071-4ADAE45AC2C7}.Debug|Any CPU.Build.0 = Debug|Any CPU
		{89A8E0F3-4259-42CC-AC8A-5194C017A841}.Debug|Any CPU.ActiveCfg = Debug|Any CPU
		{89A8E0F3-4259-42CC-AC8A-5194C017A841}.Debug|Any CPU.Build.0 = Debug|Any CPU
		{C7FCCFB3-9D39-4A81-B030-FD2F2E67296C}.Debug|Any CPU.ActiveCfg = Debug|Any CPU
		{C7FCCFB3-9D39-4A81-B030-FD2F2E67296C}.Debug|Any CPU.Build.0 = Debug|Any CPU
		{7040ED88-300D-458D-8111-D49C9763E4B9}.Debug|Any CPU.ActiveCfg = Debug|Any CPU
		{7040ED88-300D-458D-8111-D49C9763E4B9}.Debug|Any CPU.Build.0 = Debug|Any CPU
	EndGlobalSection
EndGlobal
