
Microsoft Visual Studio Solution File, Format Version 12.00
Project("{FAE04EC0-301F-11D3-BF4B-00C04F79EFBC}") = "HW11", "HW11\HW11\HW11.csproj", "{E2BD7C0E-8C23-4FF8-BCA4-1274C04A4C8B}"
EndProject
Project("{FAE04EC0-301F-11D3-BF4B-00C04F79EFBC}") = "HW11IntegrationTests", "HW11\HW11IntegrationTests\HW11IntegrationTests.csproj", "{761C177F-53BB-42F1-97F3-0A24F8CD0704}"
EndProject
Global
	GlobalSection(SolutionConfigurationPlatforms) = preSolution
		Debug|Any CPU = Debug|Any CPU
		Release|Any CPU = Release|Any CPU
	EndGlobalSection
	GlobalSection(ProjectConfigurationPlatforms) = postSolution
		{E2BD7C0E-8C23-4FF8-BCA4-1274C04A4C8B}.Debug|Any CPU.ActiveCfg = Debug|Any CPU
		{E2BD7C0E-8C23-4FF8-BCA4-1274C04A4C8B}.Debug|Any CPU.Build.0 = Debug|Any CPU
		{E2BD7C0E-8C23-4FF8-BCA4-1274C04A4C8B}.Release|Any CPU.ActiveCfg = Release|Any CPU
		{E2BD7C0E-8C23-4FF8-BCA4-1274C04A4C8B}.Release|Any CPU.Build.0 = Release|Any CPU
		{761C177F-53BB-42F1-97F3-0A24F8CD0704}.Debug|Any CPU.ActiveCfg = Debug|Any CPU
		{761C177F-53BB-42F1-97F3-0A24F8CD0704}.Debug|Any CPU.Build.0 = Debug|Any CPU
		{761C177F-53BB-42F1-97F3-0A24F8CD0704}.Release|Any CPU.ActiveCfg = Release|Any CPU
		{761C177F-53BB-42F1-97F3-0A24F8CD0704}.Release|Any CPU.Build.0 = Release|Any CPU
	EndGlobalSection
EndGlobal
